
Microsoft Visual Studio Solution File, Format Version 12.00
# Visual Studio 14
VisualStudioVersion = 14.0.24720.0
MinimumVisualStudioVersion = 10.0.40219.1
Project("{FAE04EC0-301F-11D3-BF4B-00C04F79EFBC}") = "AdventOfCode2015", "AdventOfCode2015\AdventOfCode2015.csproj", "{FB759D18-CBF7-49CE-8B57-E07C390EEF07}"
EndProject
Project("{FAE04EC0-301F-11D3-BF4B-00C04F79EFBC}") = "Infrastructure", "Infrastructure\Infrastructure.csproj", "{F20FD624-AAE9-42D6-999C-4F5ACBF43E40}"
EndProject
Project("{FAE04EC0-301F-11D3-BF4B-00C04F79EFBC}") = "AdventOfCode2016", "AdventOfCode2016\AdventOfCode2016.csproj", "{187E8AED-F090-4A0B-A931-987D0633AD27}"
EndProject
Global
	GlobalSection(SolutionConfigurationPlatforms) = preSolution
		Debug|Any CPU = Debug|Any CPU
		Release|Any CPU = Release|Any CPU
	EndGlobalSection
	GlobalSection(ProjectConfigurationPlatforms) = postSolution
		{FB759D18-CBF7-49CE-8B57-E07C390EEF07}.Debug|Any CPU.ActiveCfg = Debug|Any CPU
		{FB759D18-CBF7-49CE-8B57-E07C390EEF07}.Debug|Any CPU.Build.0 = Debug|Any CPU
		{FB759D18-CBF7-49CE-8B57-E07C390EEF07}.Release|Any CPU.ActiveCfg = Release|Any CPU
		{FB759D18-CBF7-49CE-8B57-E07C390EEF07}.Release|Any CPU.Build.0 = Release|Any CPU
		{F20FD624-AAE9-42D6-999C-4F5ACBF43E40}.Debug|Any CPU.ActiveCfg = Debug|Any CPU
		{F20FD624-AAE9-42D6-999C-4F5ACBF43E40}.Debug|Any CPU.Build.0 = Debug|Any CPU
		{F20FD624-AAE9-42D6-999C-4F5ACBF43E40}.Release|Any CPU.ActiveCfg = Release|Any CPU
		{F20FD624-AAE9-42D6-999C-4F5ACBF43E40}.Release|Any CPU.Build.0 = Release|Any CPU
		{187E8AED-F090-4A0B-A931-987D0633AD27}.Debug|Any CPU.ActiveCfg = Debug|Any CPU
		{187E8AED-F090-4A0B-A931-987D0633AD27}.Debug|Any CPU.Build.0 = Debug|Any CPU
		{187E8AED-F090-4A0B-A931-987D0633AD27}.Release|Any CPU.ActiveCfg = Release|Any CPU
		{187E8AED-F090-4A0B-A931-987D0633AD27}.Release|Any CPU.Build.0 = Release|Any CPU
	EndGlobalSection
	GlobalSection(SolutionProperties) = preSolution
		HideSolutionNode = FALSE
	EndGlobalSection
EndGlobal
